
Microsoft Visual Studio Solution File, Format Version 12.00
# Visual Studio 2012
Project("{FAE04EC0-301F-11D3-BF4B-00C04F79EFBC}") = "edad", "edad\edad.csproj", "{B39F1892-A19B-42A1-9105-67E6ABE7857F}"
EndProject
Global
	GlobalSection(SolutionConfigurationPlatforms) = preSolution
		Debug|Any CPU = Debug|Any CPU
		Release|Any CPU = Release|Any CPU
	EndGlobalSection
	GlobalSection(ProjectConfigurationPlatforms) = postSolution
		{B39F1892-A19B-42A1-9105-67E6ABE7857F}.Debug|Any CPU.ActiveCfg = Debug|Any CPU
		{B39F1892-A19B-42A1-9105-67E6ABE7857F}.Debug|Any CPU.Build.0 = Debug|Any CPU
		{B39F1892-A19B-42A1-9105-67E6ABE7857F}.Release|Any CPU.ActiveCfg = Release|Any CPU
		{B39F1892-A19B-42A1-9105-67E6ABE7857F}.Release|Any CPU.Build.0 = Release|Any CPU
	EndGlobalSection
EndGlobal
